
Microsoft Visual Studio Solution File, Format Version 12.00
# Visual Studio Version 17
VisualStudioVersion = 17.13.35919.96
MinimumVisualStudioVersion = 10.0.40219.1
Project("{FAE04EC0-301F-11D3-BF4B-00C04F79EFBC}") = "CoffeeBrowser.Maui", "CoffeeBrowser.Maui\CoffeeBrowser.Maui.csproj", "{64E463F1-97F9-4B54-BCC6-526ADF67F876}"
EndProject
Project("{FAE04EC0-301F-11D3-BF4B-00C04F79EFBC}") = "CoffeeBrowser.Library", "CoffeeBrowser.Library\CoffeeBrowser.Library.csproj", "{8CBCE55F-3338-4F31-BB01-ABDF9F2767FD}"
EndProject
Project("{FAE04EC0-301F-11D3-BF4B-00C04F79EFBC}") = "CoffeeBrowser.BlazorServer", "CoffeeBrowser.BlazorServer\CoffeeBrowser.BlazorServer.csproj", "{5B47F73D-8647-43BF-A1C8-077183C2C16F}"
EndProject
Global
	GlobalSection(SolutionConfigurationPlatforms) = preSolution
		Debug|Any CPU = Debug|Any CPU
		Release|Any CPU = Release|Any CPU
	EndGlobalSection
	GlobalSection(ProjectConfigurationPlatforms) = postSolution
		{64E463F1-97F9-4B54-BCC6-526ADF67F876}.Debug|Any CPU.ActiveCfg = Debug|Any CPU
		{64E463F1-97F9-4B54-BCC6-526ADF67F876}.Debug|Any CPU.Build.0 = Debug|Any CPU
		{64E463F1-97F9-4B54-BCC6-526ADF67F876}.Release|Any CPU.ActiveCfg = Release|Any CPU
		{64E463F1-97F9-4B54-BCC6-526ADF67F876}.Release|Any CPU.Build.0 = Release|Any CPU
		{8CBCE55F-3338-4F31-BB01-ABDF9F2767FD}.Debug|Any CPU.ActiveCfg = Debug|Any CPU
		{8CBCE55F-3338-4F31-BB01-ABDF9F2767FD}.Debug|Any CPU.Build.0 = Debug|Any CPU
		{8CBCE55F-3338-4F31-BB01-ABDF9F2767FD}.Release|Any CPU.ActiveCfg = Release|Any CPU
		{8CBCE55F-3338-4F31-BB01-ABDF9F2767FD}.Release|Any CPU.Build.0 = Release|Any CPU
		{5B47F73D-8647-43BF-A1C8-077183C2C16F}.Debug|Any CPU.ActiveCfg = Debug|Any CPU
		{5B47F73D-8647-43BF-A1C8-077183C2C16F}.Debug|Any CPU.Build.0 = Debug|Any CPU
		{5B47F73D-8647-43BF-A1C8-077183C2C16F}.Release|Any CPU.ActiveCfg = Release|Any CPU
		{5B47F73D-8647-43BF-A1C8-077183C2C16F}.Release|Any CPU.Build.0 = Release|Any CPU
	EndGlobalSection
	GlobalSection(SolutionProperties) = preSolution
		HideSolutionNode = FALSE
	EndGlobalSection
	GlobalSection(ExtensibilityGlobals) = postSolution
		SolutionGuid = {63825EC5-EA2D-4D78-B671-2B040F9D9D8B}
	EndGlobalSection
EndGlobal
